
Microsoft Visual Studio Solution File, Format Version 12.00
# Visual Studio Version 17
VisualStudioVersion = 17.9.34728.123
MinimumVisualStudioVersion = 10.0.40219.1
Project("{FAE04EC0-301F-11D3-BF4B-00C04F79EFBC}") = "EjercicioInterfaces", "EjercicioInterfaces.csproj", "{96941F3C-726A-4B62-B479-A79BCC524CA8}"
EndProject
Global
	GlobalSection(SolutionConfigurationPlatforms) = preSolution
		Debug|Any CPU = Debug|Any CPU
		Release|Any CPU = Release|Any CPU
	EndGlobalSection
	GlobalSection(ProjectConfigurationPlatforms) = postSolution
		{96941F3C-726A-4B62-B479-A79BCC524CA8}.Debug|Any CPU.ActiveCfg = Debug|Any CPU
		{96941F3C-726A-4B62-B479-A79BCC524CA8}.Debug|Any CPU.Build.0 = Debug|Any CPU
		{96941F3C-726A-4B62-B479-A79BCC524CA8}.Release|Any CPU.ActiveCfg = Release|Any CPU
		{96941F3C-726A-4B62-B479-A79BCC524CA8}.Release|Any CPU.Build.0 = Release|Any CPU
	EndGlobalSection
	GlobalSection(SolutionProperties) = preSolution
		HideSolutionNode = FALSE
	EndGlobalSection
	GlobalSection(ExtensibilityGlobals) = postSolution
		SolutionGuid = {34CC4878-560C-43E1-A0EB-B9CAF3055A3E}
	EndGlobalSection
EndGlobal
